
Microsoft Visual Studio Solution File, Format Version 12.00
# Visual Studio Version 17
VisualStudioVersion = 17.1.32319.34
MinimumVisualStudioVersion = 10.0.40219.1
Project("{8BC9CEB8-8B4A-11D0-8D11-00A0C91BC942}") = "Pointers", "Pointers\Pointers.vcxproj", "{07F88D33-98F3-4714-9439-6ED8E0CF1579}"
EndProject
Project("{8BC9CEB8-8B4A-11D0-8D11-00A0C91BC942}") = "TransportParameters", "TransportParameters\TransportParameters.vcxproj", "{F652A33F-3A11-4869-9046-45D3CC096911}"
EndProject
Project("{8BC9CEB8-8B4A-11D0-8D11-00A0C91BC942}") = "References", "References\References.vcxproj", "{B7D69F1B-43E7-4F1C-8144-5021A6C09CCE}"
EndProject
Project("{8BC9CEB8-8B4A-11D0-8D11-00A0C91BC942}") = "DynamicMemory", "DynamicMemory\DynamicMemory.vcxproj", "{20E78A85-21E2-4523-9FB8-83807CEC4B0F}"
EndProject
Global
	GlobalSection(SolutionConfigurationPlatforms) = preSolution
		Debug|x64 = Debug|x64
		Debug|x86 = Debug|x86
		Release|x64 = Release|x64
		Release|x86 = Release|x86
	EndGlobalSection
	GlobalSection(ProjectConfigurationPlatforms) = postSolution
		{07F88D33-98F3-4714-9439-6ED8E0CF1579}.Debug|x64.ActiveCfg = Debug|x64
		{07F88D33-98F3-4714-9439-6ED8E0CF1579}.Debug|x64.Build.0 = Debug|x64
		{07F88D33-98F3-4714-9439-6ED8E0CF1579}.Debug|x86.ActiveCfg = Debug|Win32
		{07F88D33-98F3-4714-9439-6ED8E0CF1579}.Debug|x86.Build.0 = Debug|Win32
		{07F88D33-98F3-4714-9439-6ED8E0CF1579}.Release|x64.ActiveCfg = Release|x64
		{07F88D33-98F3-4714-9439-6ED8E0CF1579}.Release|x64.Build.0 = Release|x64
		{07F88D33-98F3-4714-9439-6ED8E0CF1579}.Release|x86.ActiveCfg = Release|Win32
		{07F88D33-98F3-4714-9439-6ED8E0CF1579}.Release|x86.Build.0 = Release|Win32
		{F652A33F-3A11-4869-9046-45D3CC096911}.Debug|x64.ActiveCfg = Debug|x64
		{F652A33F-3A11-4869-9046-45D3CC096911}.Debug|x64.Build.0 = Debug|x64
		{F652A33F-3A11-4869-9046-45D3CC096911}.Debug|x86.ActiveCfg = Debug|Win32
		{F652A33F-3A11-4869-9046-45D3CC096911}.Debug|x86.Build.0 = Debug|Win32
		{F652A33F-3A11-4869-9046-45D3CC096911}.Release|x64.ActiveCfg = Release|x64
		{F652A33F-3A11-4869-9046-45D3CC096911}.Release|x64.Build.0 = Release|x64
		{F652A33F-3A11-4869-9046-45D3CC096911}.Release|x86.ActiveCfg = Release|Win32
		{F652A33F-3A11-4869-9046-45D3CC096911}.Release|x86.Build.0 = Release|Win32
		{B7D69F1B-43E7-4F1C-8144-5021A6C09CCE}.Debug|x64.ActiveCfg = Debug|x64
		{B7D69F1B-43E7-4F1C-8144-5021A6C09CCE}.Debug|x64.Build.0 = Debug|x64
		{B7D69F1B-43E7-4F1C-8144-5021A6C09CCE}.Debug|x86.ActiveCfg = Debug|Win32
		{B7D69F1B-43E7-4F1C-8144-5021A6C09CCE}.Debug|x86.Build.0 = Debug|Win32
		{B7D69F1B-43E7-4F1C-8144-5021A6C09CCE}.Release|x64.ActiveCfg = Release|x64
		{B7D69F1B-43E7-4F1C-8144-5021A6C09CCE}.Release|x64.Build.0 = Release|x64
		{B7D69F1B-43E7-4F1C-8144-5021A6C09CCE}.Release|x86.ActiveCfg = Release|Win32
		{B7D69F1B-43E7-4F1C-8144-5021A6C09CCE}.Release|x86.Build.0 = Release|Win32
		{20E78A85-21E2-4523-9FB8-83807CEC4B0F}.Debug|x64.ActiveCfg = Debug|x64
		{20E78A85-21E2-4523-9FB8-83807CEC4B0F}.Debug|x64.Build.0 = Debug|x64
		{20E78A85-21E2-4523-9FB8-83807CEC4B0F}.Debug|x86.ActiveCfg = Debug|Win32
		{20E78A85-21E2-4523-9FB8-83807CEC4B0F}.Debug|x86.Build.0 = Debug|Win32
		{20E78A85-21E2-4523-9FB8-83807CEC4B0F}.Release|x64.ActiveCfg = Release|x64
		{20E78A85-21E2-4523-9FB8-83807CEC4B0F}.Release|x64.Build.0 = Release|x64
		{20E78A85-21E2-4523-9FB8-83807CEC4B0F}.Release|x86.ActiveCfg = Release|Win32
		{20E78A85-21E2-4523-9FB8-83807CEC4B0F}.Release|x86.Build.0 = Release|Win32
	EndGlobalSection
	GlobalSection(SolutionProperties) = preSolution
		HideSolutionNode = FALSE
	EndGlobalSection
	GlobalSection(ExtensibilityGlobals) = postSolution
		SolutionGuid = {8307E197-9213-438D-B513-5E3B8A77273D}
	EndGlobalSection
EndGlobal
